# THIS IS AN AUTOGENERATED FILE. DO NOT EDIT THIS FILE DIRECTLY.
# yarn lockfile v1


"@mapbox/sphericalmercator@^1.1.0":
  version "1.1.0"
  resolved "https://registry.yarnpkg.com/@mapbox/sphericalmercator/-/sphericalmercator-1.1.0.tgz#f3b1af042620716a1289fc41e1e97f610823aefe"

"@turf/bbox-polygon@^6.0.1":
  version "6.0.1"
  resolved "https://registry.yarnpkg.com/@turf/bbox-polygon/-/bbox-polygon-6.0.1.tgz#ae0fbb14558831fb34538aae089a23d3336c6379"
  integrity sha512-f6BK6GOzUNjmJeOYHklk/5LNcQMQbo51gvAM10dTM5IqzKP01KM5bgV88uOKfSZB0HRQVpaRV1tgXk2bg5cPRg==
  dependencies:
    "@turf/helpers" "6.x"

"@turf/bbox@*", "@turf/bbox@^6.0.1":
  version "6.0.1"
  resolved "https://registry.yarnpkg.com/@turf/bbox/-/bbox-6.0.1.tgz#b966075771475940ee1c16be2a12cf389e6e923a"
  dependencies:
    "@turf/helpers" "6.x"
    "@turf/meta" "6.x"

"@turf/boolean-disjoint@6.x":
  version "6.0.2"
  resolved "https://registry.yarnpkg.com/@turf/boolean-disjoint/-/boolean-disjoint-6.0.2.tgz#5d6d0f4b4b8d5fe03004d74d978044c7529b294f"
  integrity sha512-xgdqPOXhvCwetoybkYZwBLKro1XxqZgS+xk6Ygb2Jt6btR5P/t0lJ5n85fN0YQuJlR8hEVvCGTYZ0IRTyIEvsQ==
  dependencies:
    "@turf/boolean-point-in-polygon" "6.x"
    "@turf/helpers" "6.x"
    "@turf/line-intersect" "6.x"
    "@turf/meta" "6.x"
    "@turf/polygon-to-line" "6.x"

"@turf/boolean-intersects@^6.0.2":
  version "6.0.2"
  resolved "https://registry.yarnpkg.com/@turf/boolean-intersects/-/boolean-intersects-6.0.2.tgz#101afd5b00255c15b0e835e1b9a90fc91466887e"
  integrity sha512-GRC+N2QOP533MnMmauVDj+JNyZG3XwAdY1jtZuY3icxvJ8/47ZWb013Q90heoyGxV92kV5SW0baOooPzSpvT1g==
  dependencies:
    "@turf/boolean-disjoint" "6.x"
    "@turf/helpers" "6.x"
    "@turf/meta" "6.x"

"@turf/boolean-point-in-polygon@6.x":
  version "6.0.1"
  resolved "https://registry.yarnpkg.com/@turf/boolean-point-in-polygon/-/boolean-point-in-polygon-6.0.1.tgz#5836677afd77d2ee391af0056a0c29b660edfa32"
  integrity sha512-FKLOZ124vkJhjzNSDcqpwp2NvfnsbYoUOt5iAE7uskt4svix5hcjIEgX9sELFTJpbLGsD1mUbKdfns8tZxcMNg==
  dependencies:
    "@turf/helpers" "6.x"
    "@turf/invariant" "6.x"

"@turf/helpers@6.x":
  version "6.1.4"
  resolved "https://registry.yarnpkg.com/@turf/helpers/-/helpers-6.1.4.tgz#d6fd7ebe6782dd9c87dca5559bda5c48ae4c3836"

"@turf/invariant@6.x":
  version "6.1.2"
  resolved "https://registry.yarnpkg.com/@turf/invariant/-/invariant-6.1.2.tgz#6013ed6219f9ac2edada9b31e1dfa5918eb0a2f7"
  integrity sha512-WU08Ph8j0J2jVGlQCKChXoCtI50BB3yEH21V++V0T4cR1T27HKCxkehV2sYMwTierfMBgjwSwDIsxnR4/2mWXg==
  dependencies:
    "@turf/helpers" "6.x"

"@turf/line-intersect@6.x":
  version "6.0.2"
  resolved "https://registry.yarnpkg.com/@turf/line-intersect/-/line-intersect-6.0.2.tgz#b45b7a4e7e08c39a0e4e91099580ed377ef7335f"
  integrity sha512-pfL/lBu7ukBPdTjvSCmcNUzZ83V4R95htwqs5NqU8zeS4R+5KTwacbrOYKztjpmHBwUmPEIIpSbqkUoD0Fp7kg==
  dependencies:
    "@turf/helpers" "6.x"
    "@turf/invariant" "6.x"
    "@turf/line-segment" "6.x"
    "@turf/meta" "6.x"
    geojson-rbush "3.x"

"@turf/line-segment@6.x":
  version "6.0.2"
  resolved "https://registry.yarnpkg.com/@turf/line-segment/-/line-segment-6.0.2.tgz#e280bcde70d28b694028ec1623dc406c928e59b6"
  integrity sha512-8AkzDHoNw3X68y115josal+lvdAi4b2P1K0YNTKGyLRBaUhPXVSuMBpMd53FRF1hYEb9UJgMbugF9ZE7m5L6zg==
  dependencies:
    "@turf/helpers" "6.x"
    "@turf/invariant" "6.x"
    "@turf/meta" "6.x"

"@turf/meta@6.x":
  version "6.0.2"
  resolved "https://registry.yarnpkg.com/@turf/meta/-/meta-6.0.2.tgz#eb92951126d24a613ac1b7b99d733fcc20fd30cf"
  dependencies:
    "@turf/helpers" "6.x"

"@turf/polygon-to-line@6.x":
  version "6.0.3"
  resolved "https://registry.yarnpkg.com/@turf/polygon-to-line/-/polygon-to-line-6.0.3.tgz#a7c5416f61651d5d25ff51ee006522725cb1adf1"
  integrity sha512-cJUy7VYLAhgnTBOtYFjNzh5bSlAS/qM8gUHXRGrIxI22RUJk4FXs/X2MEJ4Ki2flCiSeOjRIUEawEslNe7w7RA==
  dependencies:
    "@turf/helpers" "6.x"
    "@turf/invariant" "6.x"

geojson-rbush@3.x:
  version "3.1.2"
  resolved "https://registry.yarnpkg.com/geojson-rbush/-/geojson-rbush-3.1.2.tgz#577d6ec70ba986d4e60b741f1df5147faeb82c97"
  integrity sha512-grkfdg3HIeTjwTfiJe5FT8+fGU3fABCc+vRJDBwdQz9kkLF0Sbif2gs2JUzjewwgmnvLGy9fInySDeADoNuk7w==
  dependencies:
    "@turf/bbox" "*"
    "@turf/helpers" "6.x"
    "@turf/meta" "6.x"
    rbush "^2.0.0"

quickselect@^1.0.1:
  version "1.1.1"
  resolved "https://registry.yarnpkg.com/quickselect/-/quickselect-1.1.1.tgz#852e412ce418f237ad5b660d70cffac647ae94c2"
  integrity sha512-qN0Gqdw4c4KGPsBOQafj6yj/PA6c/L63f6CaZ/DCF/xF4Esu3jVmKLUDYxghFx8Kb/O7y9tI7x2RjTSXwdK1iQ==

rbush@^2.0.0:
  version "2.0.2"
  resolved "https://registry.yarnpkg.com/rbush/-/rbush-2.0.2.tgz#bb6005c2731b7ba1d5a9a035772927d16a614605"
  integrity sha512-XBOuALcTm+O/H8G90b6pzu6nX6v2zCKiFG4BJho8a+bY6AER6t8uQUZdi5bomQc0AprCWhEGa7ncAbbRap0bRA==
  dependencies:
    quickselect "^1.0.1"
